
Microsoft Visual Studio Solution File, Format Version 12.00
# Visual Studio Version 16
VisualStudioVersion = 16.0.31005.135
MinimumVisualStudioVersion = 10.0.40219.1
Project("{9A19103F-16F7-4668-BE54-9A1E7A4F7556}") = "Entities", "Entities\Entities.csproj", "{E824B8E2-7A6D-47CF-912A-6F58F56D8197}"
EndProject
Project("{9A19103F-16F7-4668-BE54-9A1E7A4F7556}") = "DataAccess", "DataAccess\DataAccess.csproj", "{D511239F-E89E-41D8-9C5F-DCF0791A4A9F}"
EndProject
Project("{9A19103F-16F7-4668-BE54-9A1E7A4F7556}") = "Business", "Business\Business.csproj", "{F9A0982E-938F-4050-8E62-FA80E1B1D9A6}"
EndProject
Project("{9A19103F-16F7-4668-BE54-9A1E7A4F7556}") = "ConsoleUI", "ConsoleUI\ConsoleUI.csproj", "{2E0FEA09-D382-4388-AFDD-F9BEECD25FC6}"
EndProject
Project("{9A19103F-16F7-4668-BE54-9A1E7A4F7556}") = "Core", "Core\Core.csproj", "{142CCE5A-B6BD-416A-BC6D-950028CE8886}"
EndProject
Project("{FAE04EC0-301F-11D3-BF4B-00C04F79EFBC}") = "WFUI", "WFUI\WFUI.csproj", "{4DCA5A92-091D-4CC8-844D-A5C2E3EEA344}"
EndProject
Project("{9A19103F-16F7-4668-BE54-9A1E7A4F7556}") = "WebAPI", "WebAPI\WebAPI.csproj", "{BF282A0C-BC4E-4135-9520-B84436203B2E}"
EndProject
Global
	GlobalSection(SolutionConfigurationPlatforms) = preSolution
		Debug|Any CPU = Debug|Any CPU
		Release|Any CPU = Release|Any CPU
	EndGlobalSection
	GlobalSection(ProjectConfigurationPlatforms) = postSolution
		{E824B8E2-7A6D-47CF-912A-6F58F56D8197}.Debug|Any CPU.ActiveCfg = Debug|Any CPU
		{E824B8E2-7A6D-47CF-912A-6F58F56D8197}.Debug|Any CPU.Build.0 = Debug|Any CPU
		{E824B8E2-7A6D-47CF-912A-6F58F56D8197}.Release|Any CPU.ActiveCfg = Release|Any CPU
		{E824B8E2-7A6D-47CF-912A-6F58F56D8197}.Release|Any CPU.Build.0 = Release|Any CPU
		{D511239F-E89E-41D8-9C5F-DCF0791A4A9F}.Debug|Any CPU.ActiveCfg = Debug|Any CPU
		{D511239F-E89E-41D8-9C5F-DCF0791A4A9F}.Debug|Any CPU.Build.0 = Debug|Any CPU
		{D511239F-E89E-41D8-9C5F-DCF0791A4A9F}.Release|Any CPU.ActiveCfg = Release|Any CPU
		{D511239F-E89E-41D8-9C5F-DCF0791A4A9F}.Release|Any CPU.Build.0 = Release|Any CPU
		{F9A0982E-938F-4050-8E62-FA80E1B1D9A6}.Debug|Any CPU.ActiveCfg = Debug|Any CPU
		{F9A0982E-938F-4050-8E62-FA80E1B1D9A6}.Debug|Any CPU.Build.0 = Debug|Any CPU
		{F9A0982E-938F-4050-8E62-FA80E1B1D9A6}.Release|Any CPU.ActiveCfg = Release|Any CPU
		{F9A0982E-938F-4050-8E62-FA80E1B1D9A6}.Release|Any CPU.Build.0 = Release|Any CPU
		{2E0FEA09-D382-4388-AFDD-F9BEECD25FC6}.Debug|Any CPU.ActiveCfg = Debug|Any CPU
		{2E0FEA09-D382-4388-AFDD-F9BEECD25FC6}.Debug|Any CPU.Build.0 = Debug|Any CPU
		{2E0FEA09-D382-4388-AFDD-F9BEECD25FC6}.Release|Any CPU.ActiveCfg = Release|Any CPU
		{2E0FEA09-D382-4388-AFDD-F9BEECD25FC6}.Release|Any CPU.Build.0 = Release|Any CPU
		{142CCE5A-B6BD-416A-BC6D-950028CE8886}.Debug|Any CPU.ActiveCfg = Debug|Any CPU
		{142CCE5A-B6BD-416A-BC6D-950028CE8886}.Debug|Any CPU.Build.0 = Debug|Any CPU
		{142CCE5A-B6BD-416A-BC6D-950028CE8886}.Release|Any CPU.ActiveCfg = Release|Any CPU
		{142CCE5A-B6BD-416A-BC6D-950028CE8886}.Release|Any CPU.Build.0 = Release|Any CPU
		{4DCA5A92-091D-4CC8-844D-A5C2E3EEA344}.Debug|Any CPU.ActiveCfg = Debug|Any CPU
		{4DCA5A92-091D-4CC8-844D-A5C2E3EEA344}.Debug|Any CPU.Build.0 = Debug|Any CPU
		{4DCA5A92-091D-4CC8-844D-A5C2E3EEA344}.Release|Any CPU.ActiveCfg = Release|Any CPU
		{4DCA5A92-091D-4CC8-844D-A5C2E3EEA344}.Release|Any CPU.Build.0 = Release|Any CPU
		{BF282A0C-BC4E-4135-9520-B84436203B2E}.Debug|Any CPU.ActiveCfg = Debug|Any CPU
		{BF282A0C-BC4E-4135-9520-B84436203B2E}.Debug|Any CPU.Build.0 = Debug|Any CPU
		{BF282A0C-BC4E-4135-9520-B84436203B2E}.Release|Any CPU.ActiveCfg = Release|Any CPU
		{BF282A0C-BC4E-4135-9520-B84436203B2E}.Release|Any CPU.Build.0 = Release|Any CPU
	EndGlobalSection
	GlobalSection(SolutionProperties) = preSolution
		HideSolutionNode = FALSE
	EndGlobalSection
	GlobalSection(ExtensibilityGlobals) = postSolution
		SolutionGuid = {11CFE2DA-507E-4EE7-B39B-F111D598EA1C}
	EndGlobalSection
EndGlobal
